
Microsoft Visual Studio Solution File, Format Version 12.00
# Visual Studio 15
VisualStudioVersion = 15.0.28010.2041
MinimumVisualStudioVersion = 10.0.40219.1
Project("{FAE04EC0-301F-11D3-BF4B-00C04F79EFBC}") = "BookService.WebAPI", "BookService.WebAPI\BookService.WebAPI.csproj", "{DA173CCA-CB4F-4378-927C-C00F23796CCA}"
EndProject
Global
	GlobalSection(SolutionConfigurationPlatforms) = preSolution
		Debug|Any CPU = Debug|Any CPU
		Release|Any CPU = Release|Any CPU
	EndGlobalSection
	GlobalSection(ProjectConfigurationPlatforms) = postSolution
		{DA173CCA-CB4F-4378-927C-C00F23796CCA}.Debug|Any CPU.ActiveCfg = Debug|Any CPU
		{DA173CCA-CB4F-4378-927C-C00F23796CCA}.Debug|Any CPU.Build.0 = Debug|Any CPU
		{DA173CCA-CB4F-4378-927C-C00F23796CCA}.Release|Any CPU.ActiveCfg = Release|Any CPU
		{DA173CCA-CB4F-4378-927C-C00F23796CCA}.Release|Any CPU.Build.0 = Release|Any CPU
	EndGlobalSection
	GlobalSection(SolutionProperties) = preSolution
		HideSolutionNode = FALSE
	EndGlobalSection
	GlobalSection(ExtensibilityGlobals) = postSolution
		SolutionGuid = {F59498EF-D6A0-46BC-A6DD-5AB6509FD916}
	EndGlobalSection
EndGlobal
